// !$*UTF8*$!
{
	archiveVersion = 1;
	classes = {
	};
	objectVersion = 55;
	objects = {

/* Begin PBXBuildFile section */
		B2253D6428BAB64600991139 /* ClipsterApp.swift in Sources */ = {isa = PBXBuildFile; fileRef = B2253D6328BAB64600991139 /* ClipsterApp.swift */; };
		B2253D6628BAB64600991139 /* Main.swift in Sources */ = {isa = PBXBuildFile; fileRef = B2253D6528BAB64600991139 /* Main.swift */; };
		B2253D6828BAB64900991139 /* Assets.xcassets in Resources */ = {isa = PBXBuildFile; fileRef = B2253D6728BAB64900991139 /* Assets.xcassets */; };
		B2253D6B28BAB64900991139 /* Preview Assets.xcassets in Resources */ = {isa = PBXBuildFile; fileRef = B2253D6A28BAB64900991139 /* Preview Assets.xcassets */; };
		B2253D6D28BAB64900991139 /* Persistence.swift in Sources */ = {isa = PBXBuildFile; fileRef = B2253D6C28BAB64900991139 /* Persistence.swift */; };
		B2253D7028BAB64900991139 /* Clipster.xcdatamodeld in Sources */ = {isa = PBXBuildFile; fileRef = B2253D6E28BAB64900991139 /* Clipster.xcdatamodeld */; };
		B2253DC028BC121A00991139 /* ClipBoardText.swift in Sources */ = {isa = PBXBuildFile; fileRef = B2253DBF28BC121A00991139 /* ClipBoardText.swift */; };
		B2253DC328BC141400991139 /* ClipView.swift in Sources */ = {isa = PBXBuildFile; fileRef = B2253DC228BC141400991139 /* ClipView.swift */; };
		B2253DC828BC3ADE00991139 /* ClipboardList.swift in Sources */ = {isa = PBXBuildFile; fileRef = B2253DC728BC3ADE00991139 /* ClipboardList.swift */; };
		B2253DCA28BC415B00991139 /* About.swift in Sources */ = {isa = PBXBuildFile; fileRef = B2253DC928BC415B00991139 /* About.swift */; };
/* End PBXBuildFile section */

/* Begin PBXContainerItemProxy section */
		B2253D7728BAB64900991139 /* PBXContainerItemProxy */ = {
			isa = PBXContainerItemProxy;
			containerPortal = B2253D5828BAB64600991139 /* Project object */;
			proxyType = 1;
			remoteGlobalIDString = B2253D5F28BAB64600991139;
			remoteInfo = Clipster;
		};
		B2253D8128BAB64900991139 /* PBXContainerItemProxy */ = {
			isa = PBXContainerItemProxy;
			containerPortal = B2253D5828BAB64600991139 /* Project object */;
			proxyType = 1;
			remoteGlobalIDString = B2253D5F28BAB64600991139;
			remoteInfo = Clipster;
		};
/* End PBXContainerItemProxy section */

/* Begin PBXFileReference section */
		B2253D6028BAB64600991139 /* Clipster.app */ = {isa = PBXFileReference; explicitFileType = wrapper.application; includeInIndex = 0; path = Clipster.app; sourceTree = BUILT_PRODUCTS_DIR; };
		B2253D6328BAB64600991139 /* ClipsterApp.swift */ = {isa = PBXFileReference; lastKnownFileType = sourcecode.swift; path = ClipsterApp.swift; sourceTree = "<group>"; };
		B2253D6528BAB64600991139 /* Main.swift */ = {isa = PBXFileReference; lastKnownFileType = sourcecode.swift; name = Main.swift; path = ../Main.swift; sourceTree = "<group>"; };
		B2253D6728BAB64900991139 /* Assets.xcassets */ = {isa = PBXFileReference; lastKnownFileType = folder.assetcatalog; path = Assets.xcassets; sourceTree = "<group>"; };
		B2253D6A28BAB64900991139 /* Preview Assets.xcassets */ = {isa = PBXFileReference; lastKnownFileType = folder.assetcatalog; path = "Preview Assets.xcassets"; sourceTree = "<group>"; };
		B2253D6C28BAB64900991139 /* Persistence.swift */ = {isa = PBXFileReference; lastKnownFileType = sourcecode.swift; path = Persistence.swift; sourceTree = "<group>"; };
		B2253D6F28BAB64900991139 /* Clipster.xcdatamodel */ = {isa = PBXFileReference; lastKnownFileType = wrapper.xcdatamodel; path = Clipster.xcdatamodel; sourceTree = "<group>"; };
		B2253D7128BAB64900991139 /* Clipster.entitlements */ = {isa = PBXFileReference; lastKnownFileType = text.plist.entitlements; path = Clipster.entitlements; sourceTree = "<group>"; };
		B2253D7628BAB64900991139 /* ClipsterTests.xctest */ = {isa = PBXFileReference; explicitFileType = wrapper.cfbundle; includeInIndex = 0; path = ClipsterTests.xctest; sourceTree = BUILT_PRODUCTS_DIR; };
		B2253D8028BAB64900991139 /* ClipsterUITests.xctest */ = {isa = PBXFileReference; explicitFileType = wrapper.cfbundle; includeInIndex = 0; path = ClipsterUITests.xctest; sourceTree = BUILT_PRODUCTS_DIR; };
		B2253DBD28BBF90B00991139 /* Info.plist */ = {isa = PBXFileReference; lastKnownFileType = text.plist.xml; path = Info.plist; sourceTree = "<group>"; };
		B2253DBF28BC121A00991139 /* ClipBoardText.swift */ = {isa = PBXFileReference; lastKnownFileType = sourcecode.swift; path = ClipBoardText.swift; sourceTree = "<group>"; };
		B2253DC228BC141400991139 /* ClipView.swift */ = {isa = PBXFileReference; lastKnownFileType = sourcecode.swift; path = ClipView.swift; sourceTree = "<group>"; };
		B2253DC728BC3ADE00991139 /* ClipboardList.swift */ = {isa = PBXFileReference; lastKnownFileType = sourcecode.swift; path = ClipboardList.swift; sourceTree = "<group>"; };
		B2253DC928BC415B00991139 /* About.swift */ = {isa = PBXFileReference; lastKnownFileType = sourcecode.swift; path = About.swift; sourceTree = "<group>"; };
/* End PBXFileReference section */

/* Begin PBXFrameworksBuildPhase section */
		B2253D5D28BAB64600991139 /* Frameworks */ = {
			isa = PBXFrameworksBuildPhase;
			buildActionMask = 2147483647;
			files = (
			);
			runOnlyForDeploymentPostprocessing = 0;
		};
		B2253D7328BAB64900991139 /* Frameworks */ = {
			isa = PBXFrameworksBuildPhase;
			buildActionMask = 2147483647;
			files = (
			);
			runOnlyForDeploymentPostprocessing = 0;
		};
		B2253D7D28BAB64900991139 /* Frameworks */ = {
			isa = PBXFrameworksBuildPhase;
			buildActionMask = 2147483647;
			files = (
			);
			runOnlyForDeploymentPostprocessing = 0;
		};
/* End PBXFrameworksBuildPhase section */

/* Begin PBXGroup section */
		B2253D5728BAB64600991139 = {
			isa = PBXGroup;
			children = (
				B2253D6228BAB64600991139 /* Clipster */,
				B2253D6128BAB64600991139 /* Products */,
			);
			sourceTree = "<group>";
		};
		B2253D6128BAB64600991139 /* Products */ = {
			isa = PBXGroup;
			children = (
				B2253D6028BAB64600991139 /* Clipster.app */,
				B2253D7628BAB64900991139 /* ClipsterTests.xctest */,
				B2253D8028BAB64900991139 /* ClipsterUITests.xctest */,
			);
			name = Products;
			sourceTree = "<group>";
		};
		B2253D6228BAB64600991139 /* Clipster */ = {
			isa = PBXGroup;
			children = (
				B2253DC128BC140500991139 /* Views */,
				B2253DBE28BC11DE00991139 /* Modals */,
				B2253DBD28BBF90B00991139 /* Info.plist */,
				B2253D6328BAB64600991139 /* ClipsterApp.swift */,
				B2253D6728BAB64900991139 /* Assets.xcassets */,
				B2253D6C28BAB64900991139 /* Persistence.swift */,
				B2253D7128BAB64900991139 /* Clipster.entitlements */,
				B2253D6E28BAB64900991139 /* Clipster.xcdatamodeld */,
				B2253D6928BAB64900991139 /* Preview Content */,
			);
			path = Clipster;
			sourceTree = "<group>";
		};
		B2253D6928BAB64900991139 /* Preview Content */ = {
			isa = PBXGroup;
			children = (
				B2253D6A28BAB64900991139 /* Preview Assets.xcassets */,
			);
			path = "Preview Content";
			sourceTree = "<group>";
		};
		B2253DBE28BC11DE00991139 /* Modals */ = {
			isa = PBXGroup;
			children = (
				B2253DBF28BC121A00991139 /* ClipBoardText.swift */,
				B2253DC728BC3ADE00991139 /* ClipboardList.swift */,
			);
			path = Modals;
			sourceTree = "<group>";
		};
		B2253DC128BC140500991139 /* Views */ = {
			isa = PBXGroup;
			children = (
				B2253D6528BAB64600991139 /* Main.swift */,
				B2253DC228BC141400991139 /* ClipView.swift */,
				B2253DC928BC415B00991139 /* About.swift */,
			);
			path = Views;
			sourceTree = "<group>";
		};
/* End PBXGroup section */

/* Begin PBXNativeTarget section */
		B2253D5F28BAB64600991139 /* Clipster */ = {
			isa = PBXNativeTarget;
			buildConfigurationList = B2253D8A28BAB64900991139 /* Build configuration list for PBXNativeTarget "Clipster" */;
			buildPhases = (
				B2253D5C28BAB64600991139 /* Sources */,
				B2253D5D28BAB64600991139 /* Frameworks */,
				B2253D5E28BAB64600991139 /* Resources */,
			);
			buildRules = (
			);
			dependencies = (
			);
			name = Clipster;
			productName = Clipster;
			productReference = B2253D6028BAB64600991139 /* Clipster.app */;
			productType = "com.apple.product-type.application";
		};
		B2253D7528BAB64900991139 /* ClipsterTests */ = {
			isa = PBXNativeTarget;
			buildConfigurationList = B2253D8D28BAB64900991139 /* Build configuration list for PBXNativeTarget "ClipsterTests" */;
			buildPhases = (
				B2253D7228BAB64900991139 /* Sources */,
				B2253D7328BAB64900991139 /* Frameworks */,
				B2253D7428BAB64900991139 /* Resources */,
			);
			buildRules = (
			);
			dependencies = (
				B2253D7828BAB64900991139 /* PBXTargetDependency */,
			);
			name = ClipsterTests;
			productName = ClipsterTests;
			productReference = B2253D7628BAB64900991139 /* ClipsterTests.xctest */;
			productType = "com.apple.product-type.bundle.unit-test";
		};
		B2253D7F28BAB64900991139 /* ClipsterUITests */ = {
			isa = PBXNativeTarget;
			buildConfigurationList = B2253D9028BAB64900991139 /* Build configuration list for PBXNativeTarget "ClipsterUITests" */;
			buildPhases = (
				B2253D7C28BAB64900991139 /* Sources */,
				B2253D7D28BAB64900991139 /* Frameworks */,
				B2253D7E28BAB64900991139 /* Resources */,
			);
			buildRules = (
			);
			dependencies = (
				B2253D8228BAB64900991139 /* PBXTargetDependency */,
			);
			name = ClipsterUITests;
			productName = ClipsterUITests;
			productReference = B2253D8028BAB64900991139 /* ClipsterUITests.xctest */;
			productType = "com.apple.product-type.bundle.ui-testing";
		};
/* End PBXNativeTarget section */

/* Begin PBXProject section */
		B2253D5828BAB64600991139 /* Project object */ = {
			isa = PBXProject;
			attributes = {
				BuildIndependentTargetsInParallel = 1;
				LastSwiftUpdateCheck = 1340;
				LastUpgradeCheck = 1340;
				TargetAttributes = {
					B2253D5F28BAB64600991139 = {
						CreatedOnToolsVersion = 13.4.1;
					};
					B2253D7528BAB64900991139 = {
						CreatedOnToolsVersion = 13.4.1;
						TestTargetID = B2253D5F28BAB64600991139;
					};
					B2253D7F28BAB64900991139 = {
						CreatedOnToolsVersion = 13.4.1;
						TestTargetID = B2253D5F28BAB64600991139;
					};
				};
			};
			buildConfigurationList = B2253D5B28BAB64600991139 /* Build configuration list for PBXProject "Clipster" */;
			compatibilityVersion = "Xcode 13.0";
			developmentRegion = en;
			hasScannedForEncodings = 0;
			knownRegions = (
				en,
				Base,
			);
			mainGroup = B2253D5728BAB64600991139;
			productRefGroup = B2253D6128BAB64600991139 /* Products */;
			projectDirPath = "";
			projectRoot = "";
			targets = (
				B2253D5F28BAB64600991139 /* Clipster */,
				B2253D7528BAB64900991139 /* ClipsterTests */,
				B2253D7F28BAB64900991139 /* ClipsterUITests */,
			);
		};
/* End PBXProject section */

/* Begin PBXResourcesBuildPhase section */
		B2253D5E28BAB64600991139 /* Resources */ = {
			isa = PBXResourcesBuildPhase;
			buildActionMask = 2147483647;
			files = (
				B2253D6B28BAB64900991139 /* Preview Assets.xcassets in Resources */,
				B2253D6828BAB64900991139 /* Assets.xcassets in Resources */,
			);
			runOnlyForDeploymentPostprocessing = 0;
		};
		B2253D7428BAB64900991139 /* Resources */ = {
			isa = PBXResourcesBuildPhase;
			buildActionMask = 2147483647;
			files = (
			);
			runOnlyForDeploymentPostprocessing = 0;
		};
		B2253D7E28BAB64900991139 /* Resources */ = {
			isa = PBXResourcesBuildPhase;
			buildActionMask = 2147483647;
			files = (
			);
			runOnlyForDeploymentPostprocessing = 0;
		};
/* End PBXResourcesBuildPhase section */

/* Begin PBXSourcesBuildPhase section */
		B2253D5C28BAB64600991139 /* Sources */ = {
			isa = PBXSourcesBuildPhase;
			buildActionMask = 2147483647;
			files = (
				B2253DC028BC121A00991139 /* ClipBoardText.swift in Sources */,
				B2253DCA28BC415B00991139 /* About.swift in Sources */,
				B2253D6D28BAB64900991139 /* Persistence.swift in Sources */,
				B2253DC828BC3ADE00991139 /* ClipboardList.swift in Sources */,
				B2253D6628BAB64600991139 /* Main.swift in Sources */,
				B2253DC328BC141400991139 /* ClipView.swift in Sources */,
				B2253D6428BAB64600991139 /* ClipsterApp.swift in Sources */,
				B2253D7028BAB64900991139 /* Clipster.xcdatamodeld in Sources */,
			);
			runOnlyForDeploymentPostprocessing = 0;
		};
		B2253D7228BAB64900991139 /* Sources */ = {
			isa = PBXSourcesBuildPhase;
			buildActionMask = 2147483647;
			files = (
			);
			runOnlyForDeploymentPostprocessing = 0;
		};
		B2253D7C28BAB64900991139 /* Sources */ = {
			isa = PBXSourcesBuildPhase;
			buildActionMask = 2147483647;
			files = (
			);
			runOnlyForDeploymentPostprocessing = 0;
		};
/* End PBXSourcesBuildPhase section */

/* Begin PBXTargetDependency section */
		B2253D7828BAB64900991139 /* PBXTargetDependency */ = {
			isa = PBXTargetDependency;
			target = B2253D5F28BAB64600991139 /* Clipster */;
			targetProxy = B2253D7728BAB64900991139 /* PBXContainerItemProxy */;
		};
		B2253D8228BAB64900991139 /* PBXTargetDependency */ = {
			isa = PBXTargetDependency;
			target = B2253D5F28BAB64600991139 /* Clipster */;
			targetProxy = B2253D8128BAB64900991139 /* PBXContainerItemProxy */;
		};
/* End PBXTargetDependency section */

/* Begin XCBuildConfiguration section */
		B2253D8828BAB64900991139 /* Debug */ = {
			isa = XCBuildConfiguration;
			buildSettings = {
				ALWAYS_SEARCH_USER_PATHS = NO;
				CLANG_ANALYZER_NONNULL = YES;
				CLANG_ANALYZER_NUMBER_OBJECT_CONVERSION = YES_AGGRESSIVE;
				CLANG_CXX_LANGUAGE_STANDARD = "gnu++17";
				CLANG_ENABLE_MODULES = YES;
				CLANG_ENABLE_OBJC_ARC = YES;
				CLANG_ENABLE_OBJC_WEAK = YES;
				CLANG_WARN_BLOCK_CAPTURE_AUTORELEASING = YES;
				CLANG_WARN_BOOL_CONVERSION = YES;
				CLANG_WARN_COMMA = YES;
				CLANG_WARN_CONSTANT_CONVERSION = YES;
				CLANG_WARN_DEPRECATED_OBJC_IMPLEMENTATIONS = YES;
				CLANG_WARN_DIRECT_OBJC_ISA_USAGE = YES_ERROR;
				CLANG_WARN_DOCUMENTATION_COMMENTS = YES;
				CLANG_WARN_EMPTY_BODY = YES;
				CLANG_WARN_ENUM_CONVERSION = YES;
				CLANG_WARN_INFINITE_RECURSION = YES;
				CLANG_WARN_INT_CONVERSION = YES;
				CLANG_WARN_NON_LITERAL_NULL_CONVERSION = YES;
				CLANG_WARN_OBJC_IMPLICIT_RETAIN_SELF = YES;
				CLANG_WARN_OBJC_LITERAL_CONVERSION = YES;
				CLANG_WARN_OBJC_ROOT_CLASS = YES_ERROR;
				CLANG_WARN_QUOTED_INCLUDE_IN_FRAMEWORK_HEADER = YES;
				CLANG_WARN_RANGE_LOOP_ANALYSIS = YES;
				CLANG_WARN_STRICT_PROTOTYPES = YES;
				CLANG_WARN_SUSPICIOUS_MOVE = YES;
				CLANG_WARN_UNGUARDED_AVAILABILITY = YES_AGGRESSIVE;
				CLANG_WARN_UNREACHABLE_CODE = YES;
				CLANG_WARN__DUPLICATE_METHOD_MATCH = YES;
				COPY_PHASE_STRIP = NO;
				DEBUG_INFORMATION_FORMAT = dwarf;
				ENABLE_STRICT_OBJC_MSGSEND = YES;
				ENABLE_TESTABILITY = YES;
				GCC_C_LANGUAGE_STANDARD = gnu11;
				GCC_DYNAMIC_NO_PIC = NO;
				GCC_NO_COMMON_BLOCKS = YES;
				GCC_OPTIMIZATION_LEVEL = 0;
				GCC_PREPROCESSOR_DEFINITIONS = (
					"DEBUG=1",
					"$(inherited)",
				);
				GCC_WARN_64_TO_32_BIT_CONVERSION = YES;
				GCC_WARN_ABOUT_RETURN_TYPE = YES_ERROR;
				GCC_WARN_UNDECLARED_SELECTOR = YES;
				GCC_WARN_UNINITIALIZED_AUTOS = YES_AGGRESSIVE;
				GCC_WARN_UNUSED_FUNCTION = YES;
				GCC_WARN_UNUSED_VARIABLE = YES;
				MACOSX_DEPLOYMENT_TARGET = 12.3;
				MTL_ENABLE_DEBUG_INFO = INCLUDE_SOURCE;
				MTL_FAST_MATH = YES;
				ONLY_ACTIVE_ARCH = YES;
				SDKROOT = macosx;
				SWIFT_ACTIVE_COMPILATION_CONDITIONS = DEBUG;
				SWIFT_OPTIMIZATION_LEVEL = "-Onone";
			};
			name = Debug;
		};
		B2253D8928BAB64900991139 /* Release */ = {
			isa = XCBuildConfiguration;
			buildSettings = {
				ALWAYS_SEARCH_USER_PATHS = NO;
				CLANG_ANALYZER_NONNULL = YES;
				CLANG_ANALYZER_NUMBER_OBJECT_CONVERSION = YES_AGGRESSIVE;
				CLANG_CXX_LANGUAGE_STANDARD = "gnu++17";
				CLANG_ENABLE_MODULES = YES;
				CLANG_ENABLE_OBJC_ARC = YES;
				CLANG_ENABLE_OBJC_WEAK = YES;
				CLANG_WARN_BLOCK_CAPTURE_AUTORELEASING = YES;
				CLANG_WARN_BOOL_CONVERSION = YES;
				CLANG_WARN_COMMA = YES;
				CLANG_WARN_CONSTANT_CONVERSION = YES;
				CLANG_WARN_DEPRECATED_OBJC_IMPLEMENTATIONS = YES;
				CLANG_WARN_DIRECT_OBJC_ISA_USAGE = YES_ERROR;
				CLANG_WARN_DOCUMENTATION_COMMENTS = YES;
				CLANG_WARN_EMPTY_BODY = YES;
				CLANG_WARN_ENUM_CONVERSION = YES;
				CLANG_WARN_INFINITE_RECURSION = YES;
				CLANG_WARN_INT_CONVERSION = YES;
				CLANG_WARN_NON_LITERAL_NULL_CONVERSION = YES;
				CLANG_WARN_OBJC_IMPLICIT_RETAIN_SELF = YES;
				CLANG_WARN_OBJC_LITERAL_CONVERSION = YES;
				CLANG_WARN_OBJC_ROOT_CLASS = YES_ERROR;
				CLANG_WARN_QUOTED_INCLUDE_IN_FRAMEWORK_HEADER = YES;
				CLANG_WARN_RANGE_LOOP_ANALYSIS = YES;
				CLANG_WARN_STRICT_PROTOTYPES = YES;
				CLANG_WARN_SUSPICIOUS_MOVE = YES;
				CLANG_WARN_UNGUARDED_AVAILABILITY = YES_AGGRESSIVE;
				CLANG_WARN_UNREACHABLE_CODE = YES;
				CLANG_WARN__DUPLICATE_METHOD_MATCH = YES;
				COPY_PHASE_STRIP = NO;
				DEBUG_INFORMATION_FORMAT = "dwarf-with-dsym";
				ENABLE_NS_ASSERTIONS = NO;
				ENABLE_STRICT_OBJC_MSGSEND = YES;
				GCC_C_LANGUAGE_STANDARD = gnu11;
				GCC_NO_COMMON_BLOCKS = YES;
				GCC_WARN_64_TO_32_BIT_CONVERSION = YES;
				GCC_WARN_ABOUT_RETURN_TYPE = YES_ERROR;
				GCC_WARN_UNDECLARED_SELECTOR = YES;
				GCC_WARN_UNINITIALIZED_AUTOS = YES_AGGRESSIVE;
				GCC_WARN_UNUSED_FUNCTION = YES;
				GCC_WARN_UNUSED_VARIABLE = YES;
				MACOSX_DEPLOYMENT_TARGET = 12.3;
				MTL_ENABLE_DEBUG_INFO = NO;
				MTL_FAST_MATH = YES;
				SDKROOT = macosx;
				SWIFT_COMPILATION_MODE = wholemodule;
				SWIFT_OPTIMIZATION_LEVEL = "-O";
			};
			name = Release;
		};
		B2253D8B28BAB64900991139 /* Debug */ = {
			isa = XCBuildConfiguration;
			buildSettings = {
				ASSETCATALOG_COMPILER_APPICON_NAME = AppIcon;
				ASSETCATALOG_COMPILER_GLOBAL_ACCENT_COLOR_NAME = AccentColor;
				CODE_SIGN_ENTITLEMENTS = Clipster/Clipster.entitlements;
				CODE_SIGN_IDENTITY = "-";
				CODE_SIGN_STYLE = Automatic;
				COMBINE_HIDPI_IMAGES = YES;
				CURRENT_PROJECT_VERSION = 1;
				DEVELOPMENT_ASSET_PATHS = "\"Clipster/Preview Content\"";
				DEVELOPMENT_TEAM = 39Q3DKB3YE;
				ENABLE_HARDENED_RUNTIME = YES;
				ENABLE_PREVIEWS = YES;
				GENERATE_INFOPLIST_FILE = YES;
				INFOPLIST_FILE = Clipster/Info.plist;
				INFOPLIST_KEY_NSHumanReadableCopyright = "";
				LD_RUNPATH_SEARCH_PATHS = (
					"$(inherited)",
					"@executable_path/../Frameworks",
				);
				MARKETING_VERSION = 1.0;
				PRODUCT_BUNDLE_IDENTIFIER = com.jamieson.Clipster;
				PRODUCT_NAME = "$(TARGET_NAME)";
				SWIFT_EMIT_LOC_STRINGS = YES;
				SWIFT_VERSION = 5.0;
			};
			name = Debug;
		};
		B2253D8C28BAB64900991139 /* Release */ = {
			isa = XCBuildConfiguration;
			buildSettings = {
				ASSETCATALOG_COMPILER_APPICON_NAME = AppIcon;
				ASSETCATALOG_COMPILER_GLOBAL_ACCENT_COLOR_NAME = AccentColor;
				CODE_SIGN_ENTITLEMENTS = Clipster/Clipster.entitlements;
				CODE_SIGN_IDENTITY = "-";
				CODE_SIGN_STYLE = Automatic;
				COMBINE_HIDPI_IMAGES = YES;
				CURRENT_PROJECT_VERSION = 1;
				DEVELOPMENT_ASSET_PATHS = "\"Clipster/Preview Content\"";
				DEVELOPMENT_TEAM = 39Q3DKB3YE;
				ENABLE_HARDENED_RUNTIME = YES;
				ENABLE_PREVIEWS = YES;
				GENERATE_INFOPLIST_FILE = YES;
				INFOPLIST_FILE = Clipster/Info.plist;
				INFOPLIST_KEY_NSHumanReadableCopyright = "";
				LD_RUNPATH_SEARCH_PATHS = (
					"$(inherited)",
					"@executable_path/../Frameworks",
				);
				MARKETING_VERSION = 1.0;
				PRODUCT_BUNDLE_IDENTIFIER = com.arnoldinc.Clipster;
				PRODUCT_NAME = "$(TARGET_NAME)";
				SWIFT_EMIT_LOC_STRINGS = YES;
				SWIFT_VERSION = 5.0;
			};
			name = Release;
		};
		B2253D8E28BAB64900991139 /* Debug */ = {
			isa = XCBuildConfiguration;
			buildSettings = {
				ALWAYS_EMBED_SWIFT_STANDARD_LIBRARIES = YES;
				BUNDLE_LOADER = "$(TEST_HOST)";
				CODE_SIGN_STYLE = Automatic;
				CURRENT_PROJECT_VERSION = 1;
				DEVELOPMENT_TEAM = 39Q3DKB3YE;
				GENERATE_INFOPLIST_FILE = YES;
				MACOSX_DEPLOYMENT_TARGET = 12.3;
				MARKETING_VERSION = 1.0;
				PRODUCT_BUNDLE_IDENTIFIER = com.arnoldinc.ClipsterTests;
				PRODUCT_NAME = "$(TARGET_NAME)";
				SWIFT_EMIT_LOC_STRINGS = NO;
				SWIFT_VERSION = 5.0;
				TEST_HOST = "$(BUILT_PRODUCTS_DIR)/Clipster.app/Contents/MacOS/Clipster";
			};
			name = Debug;
		};
		B2253D8F28BAB64900991139 /* Release */ = {
			isa = XCBuildConfiguration;
			buildSettings = {
				ALWAYS_EMBED_SWIFT_STANDARD_LIBRARIES = YES;
				BUNDLE_LOADER = "$(TEST_HOST)";
				CODE_SIGN_STYLE = Automatic;
				CURRENT_PROJECT_VERSION = 1;
				DEVELOPMENT_TEAM = 39Q3DKB3YE;
				GENERATE_INFOPLIST_FILE = YES;
				MACOSX_DEPLOYMENT_TARGET = 12.3;
				MARKETING_VERSION = 1.0;
				PRODUCT_BUNDLE_IDENTIFIER = com.arnoldinc.ClipsterTests;
				PRODUCT_NAME = "$(TARGET_NAME)";
				SWIFT_EMIT_LOC_STRINGS = NO;
				SWIFT_VERSION = 5.0;
				TEST_HOST = "$(BUILT_PRODUCTS_DIR)/Clipster.app/Contents/MacOS/Clipster";
			};
			name = Release;
		};
		B2253D9128BAB64900991139 /* Debug */ = {
			isa = XCBuildConfiguration;
			buildSettings = {
				ALWAYS_EMBED_SWIFT_STANDARD_LIBRARIES = YES;
				CODE_SIGN_STYLE = Automatic;
				CURRENT_PROJECT_VERSION = 1;
				DEVELOPMENT_TEAM = 39Q3DKB3YE;
				GENERATE_INFOPLIST_FILE = YES;
				MARKETING_VERSION = 1.0;
				PRODUCT_BUNDLE_IDENTIFIER = com.arnoldinc.ClipsterUITests;
				PRODUCT_NAME = "$(TARGET_NAME)";
				SWIFT_EMIT_LOC_STRINGS = NO;
				SWIFT_VERSION = 5.0;
				TEST_TARGET_NAME = Clipster;
			};
			name = Debug;
		};
		B2253D9228BAB64900991139 /* Release */ = {
			isa = XCBuildConfiguration;
			buildSettings = {
				ALWAYS_EMBED_SWIFT_STANDARD_LIBRARIES = YES;
				CODE_SIGN_STYLE = Automatic;
				CURRENT_PROJECT_VERSION = 1;
				DEVELOPMENT_TEAM = 39Q3DKB3YE;
				GENERATE_INFOPLIST_FILE = YES;
				MARKETING_VERSION = 1.0;
				PRODUCT_BUNDLE_IDENTIFIER = com.arnoldinc.ClipsterUITests;
				PRODUCT_NAME = "$(TARGET_NAME)";
				SWIFT_EMIT_LOC_STRINGS = NO;
				SWIFT_VERSION = 5.0;
				TEST_TARGET_NAME = Clipster;
			};
			name = Release;
		};
/* End XCBuildConfiguration section */

/* Begin XCConfigurationList section */
		B2253D5B28BAB64600991139 /* Build configuration list for PBXProject "Clipster" */ = {
			isa = XCConfigurationList;
			buildConfigurations = (
				B2253D8828BAB64900991139 /* Debug */,
				B2253D8928BAB64900991139 /* Release */,
			);
			defaultConfigurationIsVisible = 0;
			defaultConfigurationName = Release;
		};
		B2253D8A28BAB64900991139 /* Build configuration list for PBXNativeTarget "Clipster" */ = {
			isa = XCConfigurationList;
			buildConfigurations = (
				B2253D8B28BAB64900991139 /* Debug */,
				B2253D8C28BAB64900991139 /* Release */,
			);
			defaultConfigurationIsVisible = 0;
			defaultConfigurationName = Release;
		};
		B2253D8D28BAB64900991139 /* Build configuration list for PBXNativeTarget "ClipsterTests" */ = {
			isa = XCConfigurationList;
			buildConfigurations = (
				B2253D8E28BAB64900991139 /* Debug */,
				B2253D8F28BAB64900991139 /* Release */,
			);
			defaultConfigurationIsVisible = 0;
			defaultConfigurationName = Release;
		};
		B2253D9028BAB64900991139 /* Build configuration list for PBXNativeTarget "ClipsterUITests" */ = {
			isa = XCConfigurationList;
			buildConfigurations = (
				B2253D9128BAB64900991139 /* Debug */,
				B2253D9228BAB64900991139 /* Release */,
			);
			defaultConfigurationIsVisible = 0;
			defaultConfigurationName = Release;
		};
/* End XCConfigurationList section */

/* Begin XCVersionGroup section */
		B2253D6E28BAB64900991139 /* Clipster.xcdatamodeld */ = {
			isa = XCVersionGroup;
			children = (
				B2253D6F28BAB64900991139 /* Clipster.xcdatamodel */,
			);
			currentVersion = B2253D6F28BAB64900991139 /* Clipster.xcdatamodel */;
			path = Clipster.xcdatamodeld;
			sourceTree = "<group>";
			versionGroupType = wrapper.xcdatamodel;
		};
/* End XCVersionGroup section */
	};
	rootObject = B2253D5828BAB64600991139 /* Project object */;
}
